// !$*UTF8*$!
{
	archiveVersion = 1;
	classes = {
	};
	objectVersion = 56;
	objects = {

/* Begin PBXBuildFile section */
		3E01F7A32AF642B300DC7A4A /* ShareImageButton.swift in Sources */ = {isa = PBXBuildFile; fileRef = 3E01F7A22AF642B300DC7A4A /* ShareImageButton.swift */; };
		3E01F7A52AF8EFF800DC7A4A /* ImportButtons.swift in Sources */ = {isa = PBXBuildFile; fileRef = 3E01F7A42AF8EFF800DC7A4A /* ImportButtons.swift */; };
		3E09B5F52B90A57A0010A47F /* UIDeviceIdentifier.swift in Sources */ = {isa = PBXBuildFile; fileRef = 3E09B5F42B90A57A0010A47F /* UIDeviceIdentifier.swift */; };
		3E09B5F72B90A8660010A47F /* ImageTitleSubTitleView.swift in Sources */ = {isa = PBXBuildFile; fileRef = 3E09B5F62B90A8660010A47F /* ImageTitleSubTitleView.swift */; };
		3E1927502B1DF1DC0029B011 /* UnlockPremiumView.swift in Sources */ = {isa = PBXBuildFile; fileRef = 3E19274F2B1DF1DC0029B011 /* UnlockPremiumView.swift */; };
		3E1F7C362BA06CF30004D09C /* ImageFilters.swift in Sources */ = {isa = PBXBuildFile; fileRef = 3E1F7C352BA06CF30004D09C /* ImageFilters.swift */; };
		3E23E90A2B0F5D1800DE4460 /* Tip Views.swift in Sources */ = {isa = PBXBuildFile; fileRef = 3E23E9092B0F5D1800DE4460 /* Tip Views.swift */; };
		3E23E90C2B0F6C1000DE4460 /* FormatWalpaperCount.swift in Sources */ = {isa = PBXBuildFile; fileRef = 3E23E90B2B0F6C1000DE4460 /* FormatWalpaperCount.swift */; };
		3E23E90E2B0F997700DE4460 /* ZoomGesture.swift in Sources */ = {isa = PBXBuildFile; fileRef = 3E23E90D2B0F997700DE4460 /* ZoomGesture.swift */; };
		3E277FB82B9B505400C0F062 /* NewImagesModel.swift in Sources */ = {isa = PBXBuildFile; fileRef = 3E277FB72B9B505400C0F062 /* NewImagesModel.swift */; };
		3E28819B2AFD046B0071E460 /* CustomToggle3Way.swift in Sources */ = {isa = PBXBuildFile; fileRef = 3E28819A2AFD046B0071E460 /* CustomToggle3Way.swift */; };
		3E2D61622B1B213100C83E14 /* New.swift in Sources */ = {isa = PBXBuildFile; fileRef = 3E2D61612B1B213100C83E14 /* New.swift */; };
		3E2D61642B1B26D700C83E14 /* NewWallAddedView.swift in Sources */ = {isa = PBXBuildFile; fileRef = 3E2D61632B1B26D700C83E14 /* NewWallAddedView.swift */; };
		3E3DFA3E2B21F70600A4097E /* DataModel.swift in Sources */ = {isa = PBXBuildFile; fileRef = 3E3DFA3D2B21F70600A4097E /* DataModel.swift */; };
		3E3DFA402B21F73700A4097E /* ImageModel.swift in Sources */ = {isa = PBXBuildFile; fileRef = 3E3DFA3F2B21F73700A4097E /* ImageModel.swift */; };
		3E40F5B72B583F3700D1B581 /* SwiftUIX in Frameworks */ = {isa = PBXBuildFile; productRef = 3E40F5B62B583F3700D1B581 /* SwiftUIX */; };
		3E5FF5932B078C0D0007AF8D /* URLImageView.swift in Sources */ = {isa = PBXBuildFile; fileRef = 3E5FF5922B078C0D0007AF8D /* URLImageView.swift */; };
		3E611AD82B0E1942007A1714 /* URLSaveStateViews.swift in Sources */ = {isa = PBXBuildFile; fileRef = 3E611AD72B0E1942007A1714 /* URLSaveStateViews.swift */; };
		3E611ADA2B0E196B007A1714 /* URLButtonView.swift in Sources */ = {isa = PBXBuildFile; fileRef = 3E611AD92B0E196B007A1714 /* URLButtonView.swift */; };
		3E67B3102B6952FC003C6C73 /* ParallaxMotionModifier.swift in Sources */ = {isa = PBXBuildFile; fileRef = 3E67B30F2B6952FC003C6C73 /* ParallaxMotionModifier.swift */; };
		3E67B3122B695F84003C6C73 /* CoverFlowView.swift in Sources */ = {isa = PBXBuildFile; fileRef = 3E67B3112B695F84003C6C73 /* CoverFlowView.swift */; };
		3E67B31A2B6AA207003C6C73 /* WiggleModifier.swift in Sources */ = {isa = PBXBuildFile; fileRef = 3E67B3192B6AA207003C6C73 /* WiggleModifier.swift */; };
		3E67B31C2B6AA4E0003C6C73 /* FileNameView.swift in Sources */ = {isa = PBXBuildFile; fileRef = 3E67B31B2B6AA4E0003C6C73 /* FileNameView.swift */; };
		3E67B31E2B6AA508003C6C73 /* SheetContentView.swift in Sources */ = {isa = PBXBuildFile; fileRef = 3E67B31D2B6AA508003C6C73 /* SheetContentView.swift */; };
		3E67B3202B6AA525003C6C73 /* LargeImageView.swift in Sources */ = {isa = PBXBuildFile; fileRef = 3E67B31F2B6AA525003C6C73 /* LargeImageView.swift */; };
		3E67B3222B6AA7FF003C6C73 /* ImageMetadataViewModel.swift in Sources */ = {isa = PBXBuildFile; fileRef = 3E67B3212B6AA7FF003C6C73 /* ImageMetadataViewModel.swift */; };
		3E67B3242B6AA82A003C6C73 /* UIImage.swift in Sources */ = {isa = PBXBuildFile; fileRef = 3E67B3232B6AA82A003C6C73 /* UIImage.swift */; };
		3E67B3262B6AA849003C6C73 /* NoAIPromptView.swift in Sources */ = {isa = PBXBuildFile; fileRef = 3E67B3252B6AA849003C6C73 /* NoAIPromptView.swift */; };
		3E67B3282B6AACB2003C6C73 /* customFrameBasedOnCondition.swift in Sources */ = {isa = PBXBuildFile; fileRef = 3E67B3272B6AACB2003C6C73 /* customFrameBasedOnCondition.swift */; };
		3E67B32A2B6AB0F3003C6C73 /* WallpaperImageView.swift in Sources */ = {isa = PBXBuildFile; fileRef = 3E67B3292B6AB0F3003C6C73 /* WallpaperImageView.swift */; };
		3E67B32C2B6AB10F003C6C73 /* AICustomTextModifier.swift in Sources */ = {isa = PBXBuildFile; fileRef = 3E67B32B2B6AB10F003C6C73 /* AICustomTextModifier.swift */; };
		3E67B3302B6B9D5B003C6C73 /* TabIndicatorView.swift in Sources */ = {isa = PBXBuildFile; fileRef = 3E67B32F2B6B9D5B003C6C73 /* TabIndicatorView.swift */; };
		3E69AF7B2AF55875007244C1 /* MApp.swift in Sources */ = {isa = PBXBuildFile; fileRef = 3E69AF7A2AF55875007244C1 /* MApp.swift */; };
		3E69AF7D2AF55875007244C1 /* ContentView.swift in Sources */ = {isa = PBXBuildFile; fileRef = 3E69AF7C2AF55875007244C1 /* ContentView.swift */; };
		3E69AF7F2AF55876007244C1 /* Assets.xcassets in Resources */ = {isa = PBXBuildFile; fileRef = 3E69AF7E2AF55876007244C1 /* Assets.xcassets */; };
		3E69AF832AF55876007244C1 /* Preview Assets.xcassets in Resources */ = {isa = PBXBuildFile; fileRef = 3E69AF822AF55876007244C1 /* Preview Assets.xcassets */; };
		3E69AF8B2AF55884007244C1 /* Launch Screen.storyboard in Resources */ = {isa = PBXBuildFile; fileRef = 3E69AF892AF55884007244C1 /* Launch Screen.storyboard */; };
		3E69AF8C2AF55884007244C1 /* Shaders.metal in Sources */ = {isa = PBXBuildFile; fileRef = 3E69AF8A2AF55884007244C1 /* Shaders.metal */; };
		3E69AF912AF558C6007244C1 /* ContentViewModel.swift in Sources */ = {isa = PBXBuildFile; fileRef = 3E69AF902AF558C6007244C1 /* ContentViewModel.swift */; };
		3E69AF932AF558DC007244C1 /* ImageObject.swift in Sources */ = {isa = PBXBuildFile; fileRef = 3E69AF922AF558DC007244C1 /* ImageObject.swift */; };
		3E69AF952AF558F4007244C1 /* LayerObject.swift in Sources */ = {isa = PBXBuildFile; fileRef = 3E69AF942AF558F4007244C1 /* LayerObject.swift */; };
		3E69AF972AF55913007244C1 /* LayerObjectAppearance.swift in Sources */ = {isa = PBXBuildFile; fileRef = 3E69AF962AF55913007244C1 /* LayerObjectAppearance.swift */; };
		3E69AF9C2AF5594E007244C1 /* ShowCreative.swift in Sources */ = {isa = PBXBuildFile; fileRef = 3E69AF9B2AF5594E007244C1 /* ShowCreative.swift */; };
		3E69AF9E2AF55963007244C1 /* AnimatedButton.swift in Sources */ = {isa = PBXBuildFile; fileRef = 3E69AF9D2AF55963007244C1 /* AnimatedButton.swift */; };
		3E69AFA02AF55998007244C1 /* SettingsView.swift in Sources */ = {isa = PBXBuildFile; fileRef = 3E69AF9F2AF55998007244C1 /* SettingsView.swift */; };
		3E69AFA22AF559B0007244C1 /* CustomImageView.swift in Sources */ = {isa = PBXBuildFile; fileRef = 3E69AFA12AF559B0007244C1 /* CustomImageView.swift */; };
		3E69AFA72AF55A0A007244C1 /* CustomSlider.swift in Sources */ = {isa = PBXBuildFile; fileRef = 3E69AFA62AF55A0A007244C1 /* CustomSlider.swift */; };
		3E69AFAB2AF55A30007244C1 /* TransparentBlurView.swift in Sources */ = {isa = PBXBuildFile; fileRef = 3E69AFAA2AF55A30007244C1 /* TransparentBlurView.swift */; };
		3E69AFAD2AF55A40007244C1 /* GroundReflectionViewModifier.swift in Sources */ = {isa = PBXBuildFile; fileRef = 3E69AFAC2AF55A40007244C1 /* GroundReflectionViewModifier.swift */; };
		3E69AFAF2AF55A5A007244C1 /* IfExtension.swift in Sources */ = {isa = PBXBuildFile; fileRef = 3E69AFAE2AF55A5A007244C1 /* IfExtension.swift */; };
		3E69AFB12AF55A67007244C1 /* ZoomModifier.swift in Sources */ = {isa = PBXBuildFile; fileRef = 3E69AFB02AF55A67007244C1 /* ZoomModifier.swift */; };
		3E69AFB52AF55A93007244C1 /* UniversalAlert.swift in Sources */ = {isa = PBXBuildFile; fileRef = 3E69AFB42AF55A93007244C1 /* UniversalAlert.swift */; };
		3E69AFB72AF55AA7007244C1 /* BundleInfo.swift in Sources */ = {isa = PBXBuildFile; fileRef = 3E69AFB62AF55AA7007244C1 /* BundleInfo.swift */; };
		3E69AFB92AF55AB5007244C1 /* CustomToggle.swift in Sources */ = {isa = PBXBuildFile; fileRef = 3E69AFB82AF55AB5007244C1 /* CustomToggle.swift */; };
		3E69AFBB2AF55AC7007244C1 /* PhotoPicker.swift in Sources */ = {isa = PBXBuildFile; fileRef = 3E69AFBA2AF55AC7007244C1 /* PhotoPicker.swift */; };
		3E69AFBD2AF55ADD007244C1 /* CustomPagingSlider.swift in Sources */ = {isa = PBXBuildFile; fileRef = 3E69AFBC2AF55ADD007244C1 /* CustomPagingSlider.swift */; };
		3E69AFBF2AF55AF1007244C1 /* SnapShot.swift in Sources */ = {isa = PBXBuildFile; fileRef = 3E69AFBE2AF55AF1007244C1 /* SnapShot.swift */; };
		3E69AFC12AF55B08007244C1 /* CustomPresentation.swift in Sources */ = {isa = PBXBuildFile; fileRef = 3E69AFC02AF55B08007244C1 /* CustomPresentation.swift */; };
		3E69AFC72AF55B93007244C1 /* AlwaysPopoverModifier.swift in Sources */ = {isa = PBXBuildFile; fileRef = 3E69AFC62AF55B93007244C1 /* AlwaysPopoverModifier.swift */; };
		3E69AFC92AF55BA7007244C1 /* ContentViewController.swift in Sources */ = {isa = PBXBuildFile; fileRef = 3E69AFC82AF55BA7007244C1 /* ContentViewController.swift */; };
		3E69AFCB2AF55BBD007244C1 /* UIView+Extension.swift in Sources */ = {isa = PBXBuildFile; fileRef = 3E69AFCA2AF55BBD007244C1 /* UIView+Extension.swift */; };
		3E69AFCD2AF55BD1007244C1 /* View+Modifiers.swift in Sources */ = {isa = PBXBuildFile; fileRef = 3E69AFCC2AF55BD1007244C1 /* View+Modifiers.swift */; };
		3E72A08C2B17A01B00797359 /* MockupView.swift in Sources */ = {isa = PBXBuildFile; fileRef = 3E72A08B2B17A01B00797359 /* MockupView.swift */; };
		3E7373B72B8CBE1900F0C963 /* GradientTitleButtons.swift in Sources */ = {isa = PBXBuildFile; fileRef = 3E7373B62B8CBE1900F0C963 /* GradientTitleButtons.swift */; };
		3E7373B92B8CBE2700F0C963 /* GradientSlidersButtons.swift in Sources */ = {isa = PBXBuildFile; fileRef = 3E7373B82B8CBE2700F0C963 /* GradientSlidersButtons.swift */; };
		3E7373BB2B8CBE3A00F0C963 /* HorizontalVerticalSliders.swift in Sources */ = {isa = PBXBuildFile; fileRef = 3E7373BA2B8CBE3A00F0C963 /* HorizontalVerticalSliders.swift */; };
		3E7373BD2B8CBE4900F0C963 /* RotationSlider.swift in Sources */ = {isa = PBXBuildFile; fileRef = 3E7373BC2B8CBE4900F0C963 /* RotationSlider.swift */; };
		3E7373BF2B8CBE4E00F0C963 /* WaveEffectSlider.swift in Sources */ = {isa = PBXBuildFile; fileRef = 3E7373BE2B8CBE4E00F0C963 /* WaveEffectSlider.swift */; };
		3E7373C12B8CBE7E00F0C963 /* ColorPickerView.swift in Sources */ = {isa = PBXBuildFile; fileRef = 3E7373C02B8CBE7E00F0C963 /* ColorPickerView.swift */; };
		3E7373C32B8CBE8300F0C963 /* ReOrderGradientButton.swift in Sources */ = {isa = PBXBuildFile; fileRef = 3E7373C22B8CBE8300F0C963 /* ReOrderGradientButton.swift */; };
		3E7373C52B8CC04500F0C963 /* CustomToggleBlend.swift in Sources */ = {isa = PBXBuildFile; fileRef = 3E7373C42B8CC04500F0C963 /* CustomToggleBlend.swift */; };
		3E7808732B7FA978000A9F84 /* GradientBackground.swift in Sources */ = {isa = PBXBuildFile; fileRef = 3E7808722B7FA978000A9F84 /* GradientBackground.swift */; };
		3E7808752B7FA99A000A9F84 /* SliderView.swift in Sources */ = {isa = PBXBuildFile; fileRef = 3E7808742B7FA99A000A9F84 /* SliderView.swift */; };
		3E7808772B7FA9AE000A9F84 /* PopOverGradientWallView.swift in Sources */ = {isa = PBXBuildFile; fileRef = 3E7808762B7FA9AE000A9F84 /* PopOverGradientWallView.swift */; };
		3E7EC1F42B18CF05006CA403 /* IAP.swift in Sources */ = {isa = PBXBuildFile; fileRef = 3E7EC1F32B18CF05006CA403 /* IAP.swift */; };
		3E81CA4B2B271AE400D01A39 /* Shine.swift in Sources */ = {isa = PBXBuildFile; fileRef = 3E81CA4A2B271AE400D01A39 /* Shine.swift */; };
		3E84DFC82B8E2C48000D139D /* LoadJSONView.swift in Sources */ = {isa = PBXBuildFile; fileRef = 3E84DFC72B8E2C48000D139D /* LoadJSONView.swift */; };
		3E8B33422B4707D5007536DB /* CrownView.swift in Sources */ = {isa = PBXBuildFile; fileRef = 3E8B33412B4707D5007536DB /* CrownView.swift */; };
		3E8B3AB42BA1B75B0050529A /* RandomURLWallpaper.swift in Sources */ = {isa = PBXBuildFile; fileRef = 3E8B3AB32BA1B75B0050529A /* RandomURLWallpaper.swift */; };
		3E8B3AB62BA3000E0050529A /* SearchBarView.swift in Sources */ = {isa = PBXBuildFile; fileRef = 3E8B3AB52BA3000E0050529A /* SearchBarView.swift */; };
		3E8B3AB82BA300360050529A /* NofilteredImagesButton.swift in Sources */ = {isa = PBXBuildFile; fileRef = 3E8B3AB72BA300360050529A /* NofilteredImagesButton.swift */; };
		3E91943E2B567FA400B4EB2D /* CreatorProfiles.swift in Sources */ = {isa = PBXBuildFile; fileRef = 3E91943D2B567FA400B4EB2D /* CreatorProfiles.swift */; };
		3E9EE88A2B03C9BF001E6E50 /* SwiftUIKit in Frameworks */ = {isa = PBXBuildFile; productRef = 3E9EE8892B03C9BF001E6E50 /* SwiftUIKit */; };
		3EA7EE4B2BA34BE300279344 /* WallpaperURLData.swift in Sources */ = {isa = PBXBuildFile; fileRef = 3EA7EE4A2BA34BE300279344 /* WallpaperURLData.swift */; };
		3EAB31002B878AC400B0D756 /* UltraThinButton.swift in Sources */ = {isa = PBXBuildFile; fileRef = 3EAB30FF2B878AC400B0D756 /* UltraThinButton.swift */; };
		3EAB31032B878B3D00B0D756 /* ProgressBar.swift in Sources */ = {isa = PBXBuildFile; fileRef = 3EAB31022B878B3D00B0D756 /* ProgressBar.swift */; };
		3EAB31052B87963100B0D756 /* OverlayButtonsView.swift in Sources */ = {isa = PBXBuildFile; fileRef = 3EAB31042B87963100B0D756 /* OverlayButtonsView.swift */; };
		3EAB31072B87963D00B0D756 /* GradientBlurView.swift in Sources */ = {isa = PBXBuildFile; fileRef = 3EAB31062B87963D00B0D756 /* GradientBlurView.swift */; };
		3EAB31092B87964800B0D756 /* HalfBlurView.swift in Sources */ = {isa = PBXBuildFile; fileRef = 3EAB31082B87964800B0D756 /* HalfBlurView.swift */; };
		3EAB310B2B87965300B0D756 /* GradientOverlayImageView.swift in Sources */ = {isa = PBXBuildFile; fileRef = 3EAB310A2B87965300B0D756 /* GradientOverlayImageView.swift */; };
		3EAB310D2B87970600B0D756 /* AdjustmentSettingsView.swift in Sources */ = {isa = PBXBuildFile; fileRef = 3EAB310C2B87970600B0D756 /* AdjustmentSettingsView.swift */; };
		3EAFEB3E2B23644900D57F5C /* Heart.swift in Sources */ = {isa = PBXBuildFile; fileRef = 3EAFEB3D2B23644900D57F5C /* Heart.swift */; };
		3EB858BD2B4FEA24001C8A68 /* RollingText.swift in Sources */ = {isa = PBXBuildFile; fileRef = 3EB858BC2B4FEA24001C8A68 /* RollingText.swift */; };
		3EB858BF2B51A49F001C8A68 /* GridOverlay.swift in Sources */ = {isa = PBXBuildFile; fileRef = 3EB858BE2B51A49F001C8A68 /* GridOverlay.swift */; };
		3EB9F1B92B6C0B5600DDC58A /* PersistentOverlays.swift in Sources */ = {isa = PBXBuildFile; fileRef = 3EB9F1B82B6C0B5600DDC58A /* PersistentOverlays.swift */; };
		3EBB36032B960EB500734B21 /* NewsView.swift in Sources */ = {isa = PBXBuildFile; fileRef = 3EBB36022B960EB500734B21 /* NewsView.swift */; };
		3EC0D5B22B18992000365B38 /* ApplicationSettings.swift in Sources */ = {isa = PBXBuildFile; fileRef = 3EC0D5B12B18992000365B38 /* ApplicationSettings.swift */; };
		3EC0D5B42B18B9B700365B38 /* DonationView.swift in Sources */ = {isa = PBXBuildFile; fileRef = 3EC0D5B32B18B9B700365B38 /* DonationView.swift */; };
		3ECD71D12B9F09C70072C295 /* Checkerboard.swift in Sources */ = {isa = PBXBuildFile; fileRef = 3ECD71D02B9F09C70072C295 /* Checkerboard.swift */; };
		3ECD71D52B9F27A80072C295 /* OverlaysView.swift in Sources */ = {isa = PBXBuildFile; fileRef = 3ECD71D42B9F27A80072C295 /* OverlaysView.swift */; };
		3ECD71D72B9F6D5E0072C295 /* ImageExporter.swift in Sources */ = {isa = PBXBuildFile; fileRef = 3ECD71D62B9F6D5E0072C295 /* ImageExporter.swift */; };
		3ED67EC22B1F677D008CFD61 /* CrownOverlayView.swift in Sources */ = {isa = PBXBuildFile; fileRef = 3ED67EC12B1F677D008CFD61 /* CrownOverlayView.swift */; };
		3EE33A572B0CF9190012BE14 /* SDWebImageSwiftUI in Frameworks */ = {isa = PBXBuildFile; productRef = 3EE33A562B0CF9190012BE14 /* SDWebImageSwiftUI */; };
		3EEE00462B7E1933005CB2CD /* Fluid.swift in Sources */ = {isa = PBXBuildFile; fileRef = 3EEE00452B7E1933005CB2CD /* Fluid.swift */; };
		3EEE00482B7E19CC005CB2CD /* GradientView.swift in Sources */ = {isa = PBXBuildFile; fileRef = 3EEE00472B7E19CC005CB2CD /* GradientView.swift */; };
		3EF4A60B2B7A48D10025D0F6 /* OnBoarding.swift in Sources */ = {isa = PBXBuildFile; fileRef = 3EF4A60A2B7A48D10025D0F6 /* OnBoarding.swift */; };
		3EF74DA62B552FE4002E1D8D /* URLPill.swift in Sources */ = {isa = PBXBuildFile; fileRef = 3EF74DA52B552FE4002E1D8D /* URLPill.swift */; };
		3EFE43F32B98CFA700646319 /* Tab.swift in Sources */ = {isa = PBXBuildFile; fileRef = 3EFE43F22B98CFA700646319 /* Tab.swift */; };
		3EFE43F52B98CFB500646319 /* Home.swift in Sources */ = {isa = PBXBuildFile; fileRef = 3EFE43F42B98CFB500646319 /* Home.swift */; };
		3EFE43F72B99C78400646319 /* WallpaperTitleView.swift in Sources */ = {isa = PBXBuildFile; fileRef = 3EFE43F62B99C78400646319 /* WallpaperTitleView.swift */; };
		3EFE44082B9A06FD00646319 /* SwiftUIIntrospect in Frameworks */ = {isa = PBXBuildFile; productRef = 3EFE44072B9A06FD00646319 /* SwiftUIIntrospect */; };
		3EFE440C2B9A06FD00646319 /* SwiftUIIntrospect-Static in Frameworks */ = {isa = PBXBuildFile; productRef = 3EFE440B2B9A06FD00646319 /* SwiftUIIntrospect-Static */; };
		3EFE440F2B9A072200646319 /* IsScrolling in Frameworks */ = {isa = PBXBuildFile; productRef = 3EFE440E2B9A072200646319 /* IsScrolling */; };
/* End PBXBuildFile section */

/* Begin PBXCopyFilesBuildPhase section */
		3EFE44112B9A09A300646319 /* Embed Frameworks */ = {
			isa = PBXCopyFilesBuildPhase;
			buildActionMask = 2147483647;
			dstPath = "";
			dstSubfolderSpec = 10;
			files = (
			);
			name = "Embed Frameworks";
			runOnlyForDeploymentPostprocessing = 0;
		};
/* End PBXCopyFilesBuildPhase section */

/* Begin PBXFileReference section */
		3E01F7A22AF642B300DC7A4A /* ShareImageButton.swift */ = {isa = PBXFileReference; lastKnownFileType = sourcecode.swift; path = ShareImageButton.swift; sourceTree = "<group>"; };
		3E01F7A42AF8EFF800DC7A4A /* ImportButtons.swift */ = {isa = PBXFileReference; lastKnownFileType = sourcecode.swift; path = ImportButtons.swift; sourceTree = "<group>"; };
		3E09B5F42B90A57A0010A47F /* UIDeviceIdentifier.swift */ = {isa = PBXFileReference; lastKnownFileType = sourcecode.swift; path = UIDeviceIdentifier.swift; sourceTree = "<group>"; };
		3E09B5F62B90A8660010A47F /* ImageTitleSubTitleView.swift */ = {isa = PBXFileReference; lastKnownFileType = sourcecode.swift; path = ImageTitleSubTitleView.swift; sourceTree = "<group>"; };
		3E19274F2B1DF1DC0029B011 /* UnlockPremiumView.swift */ = {isa = PBXFileReference; lastKnownFileType = sourcecode.swift; path = UnlockPremiumView.swift; sourceTree = "<group>"; };
		3E1F7C352BA06CF30004D09C /* ImageFilters.swift */ = {isa = PBXFileReference; lastKnownFileType = sourcecode.swift; path = ImageFilters.swift; sourceTree = "<group>"; };
		3E23E9092B0F5D1800DE4460 /* Tip Views.swift */ = {isa = PBXFileReference; lastKnownFileType = sourcecode.swift; path = "Tip Views.swift"; sourceTree = "<group>"; };
		3E23E90B2B0F6C1000DE4460 /* FormatWalpaperCount.swift */ = {isa = PBXFileReference; lastKnownFileType = sourcecode.swift; path = FormatWalpaperCount.swift; sourceTree = "<group>"; };
		3E23E90D2B0F997700DE4460 /* ZoomGesture.swift */ = {isa = PBXFileReference; fileEncoding = 4; lastKnownFileType = sourcecode.swift; path = ZoomGesture.swift; sourceTree = "<group>"; };
		3E277FB72B9B505400C0F062 /* NewImagesModel.swift */ = {isa = PBXFileReference; lastKnownFileType = sourcecode.swift; path = NewImagesModel.swift; sourceTree = "<group>"; };
		3E28819A2AFD046B0071E460 /* CustomToggle3Way.swift */ = {isa = PBXFileReference; lastKnownFileType = sourcecode.swift; path = CustomToggle3Way.swift; sourceTree = "<group>"; };
		3E2D61612B1B213100C83E14 /* New.swift */ = {isa = PBXFileReference; lastKnownFileType = sourcecode.swift; path = New.swift; sourceTree = "<group>"; };
		3E2D61632B1B26D700C83E14 /* NewWallAddedView.swift */ = {isa = PBXFileReference; lastKnownFileType = sourcecode.swift; path = NewWallAddedView.swift; sourceTree = "<group>"; };
		3E3DFA3D2B21F70600A4097E /* DataModel.swift */ = {isa = PBXFileReference; lastKnownFileType = sourcecode.swift; path = DataModel.swift; sourceTree = "<group>"; };
		3E3DFA3F2B21F73700A4097E /* ImageModel.swift */ = {isa = PBXFileReference; lastKnownFileType = sourcecode.swift; path = ImageModel.swift; sourceTree = "<group>"; };
		3E5FF5922B078C0D0007AF8D /* URLImageView.swift */ = {isa = PBXFileReference; lastKnownFileType = sourcecode.swift; path = URLImageView.swift; sourceTree = "<group>"; };
		3E611AD72B0E1942007A1714 /* URLSaveStateViews.swift */ = {isa = PBXFileReference; lastKnownFileType = sourcecode.swift; path = URLSaveStateViews.swift; sourceTree = "<group>"; };
		3E611AD92B0E196B007A1714 /* URLButtonView.swift */ = {isa = PBXFileReference; lastKnownFileType = sourcecode.swift; path = URLButtonView.swift; sourceTree = "<group>"; };
		3E67B30F2B6952FC003C6C73 /* ParallaxMotionModifier.swift */ = {isa = PBXFileReference; lastKnownFileType = sourcecode.swift; path = ParallaxMotionModifier.swift; sourceTree = "<group>"; };
		3E67B3112B695F84003C6C73 /* CoverFlowView.swift */ = {isa = PBXFileReference; fileEncoding = 4; lastKnownFileType = sourcecode.swift; path = CoverFlowView.swift; sourceTree = "<group>"; };
		3E67B3192B6AA207003C6C73 /* WiggleModifier.swift */ = {isa = PBXFileReference; fileEncoding = 4; lastKnownFileType = sourcecode.swift; path = WiggleModifier.swift; sourceTree = "<group>"; };
		3E67B31B2B6AA4E0003C6C73 /* FileNameView.swift */ = {isa = PBXFileReference; lastKnownFileType = sourcecode.swift; path = FileNameView.swift; sourceTree = "<group>"; };
		3E67B31D2B6AA508003C6C73 /* SheetContentView.swift */ = {isa = PBXFileReference; lastKnownFileType = sourcecode.swift; path = SheetContentView.swift; sourceTree = "<group>"; };
		3E67B31F2B6AA525003C6C73 /* LargeImageView.swift */ = {isa = PBXFileReference; lastKnownFileType = sourcecode.swift; path = LargeImageView.swift; sourceTree = "<group>"; };
		3E67B3212B6AA7FF003C6C73 /* ImageMetadataViewModel.swift */ = {isa = PBXFileReference; lastKnownFileType = sourcecode.swift; path = ImageMetadataViewModel.swift; sourceTree = "<group>"; };
		3E67B3232B6AA82A003C6C73 /* UIImage.swift */ = {isa = PBXFileReference; lastKnownFileType = sourcecode.swift; path = UIImage.swift; sourceTree = "<group>"; };
		3E67B3252B6AA849003C6C73 /* NoAIPromptView.swift */ = {isa = PBXFileReference; lastKnownFileType = sourcecode.swift; path = NoAIPromptView.swift; sourceTree = "<group>"; };
		3E67B3272B6AACB2003C6C73 /* customFrameBasedOnCondition.swift */ = {isa = PBXFileReference; lastKnownFileType = sourcecode.swift; path = customFrameBasedOnCondition.swift; sourceTree = "<group>"; };
		3E67B3292B6AB0F3003C6C73 /* WallpaperImageView.swift */ = {isa = PBXFileReference; lastKnownFileType = sourcecode.swift; path = WallpaperImageView.swift; sourceTree = "<group>"; };
		3E67B32B2B6AB10F003C6C73 /* AICustomTextModifier.swift */ = {isa = PBXFileReference; lastKnownFileType = sourcecode.swift; path = AICustomTextModifier.swift; sourceTree = "<group>"; };
		3E67B32F2B6B9D5B003C6C73 /* TabIndicatorView.swift */ = {isa = PBXFileReference; lastKnownFileType = sourcecode.swift; path = TabIndicatorView.swift; sourceTree = "<group>"; };
		3E69AF772AF55875007244C1 /* M.app */ = {isa = PBXFileReference; explicitFileType = wrapper.application; includeInIndex = 0; path = M.app; sourceTree = BUILT_PRODUCTS_DIR; };
		3E69AF7A2AF55875007244C1 /* MApp.swift */ = {isa = PBXFileReference; lastKnownFileType = sourcecode.swift; path = MApp.swift; sourceTree = "<group>"; };
		3E69AF7C2AF55875007244C1 /* ContentView.swift */ = {isa = PBXFileReference; lastKnownFileType = sourcecode.swift; path = ContentView.swift; sourceTree = "<group>"; };
		3E69AF7E2AF55876007244C1 /* Assets.xcassets */ = {isa = PBXFileReference; lastKnownFileType = folder.assetcatalog; path = Assets.xcassets; sourceTree = "<group>"; };
		3E69AF802AF55876007244C1 /* M.entitlements */ = {isa = PBXFileReference; lastKnownFileType = text.plist.entitlements; path = M.entitlements; sourceTree = "<group>"; };
		3E69AF822AF55876007244C1 /* Preview Assets.xcassets */ = {isa = PBXFileReference; lastKnownFileType = folder.assetcatalog; path = "Preview Assets.xcassets"; sourceTree = "<group>"; };
		3E69AF892AF55884007244C1 /* Launch Screen.storyboard */ = {isa = PBXFileReference; fileEncoding = 4; lastKnownFileType = file.storyboard; path = "Launch Screen.storyboard"; sourceTree = "<group>"; };
		3E69AF8A2AF55884007244C1 /* Shaders.metal */ = {isa = PBXFileReference; fileEncoding = 4; lastKnownFileType = sourcecode.metal; path = Shaders.metal; sourceTree = "<group>"; };
		3E69AF902AF558C6007244C1 /* ContentViewModel.swift */ = {isa = PBXFileReference; lastKnownFileType = sourcecode.swift; path = ContentViewModel.swift; sourceTree = "<group>"; };
		3E69AF922AF558DC007244C1 /* ImageObject.swift */ = {isa = PBXFileReference; lastKnownFileType = sourcecode.swift; path = ImageObject.swift; sourceTree = "<group>"; };
		3E69AF942AF558F4007244C1 /* LayerObject.swift */ = {isa = PBXFileReference; lastKnownFileType = sourcecode.swift; path = LayerObject.swift; sourceTree = "<group>"; };
		3E69AF962AF55913007244C1 /* LayerObjectAppearance.swift */ = {isa = PBXFileReference; lastKnownFileType = sourcecode.swift; path = LayerObjectAppearance.swift; sourceTree = "<group>"; };
		3E69AF9B2AF5594E007244C1 /* ShowCreative.swift */ = {isa = PBXFileReference; lastKnownFileType = sourcecode.swift; path = ShowCreative.swift; sourceTree = "<group>"; };
		3E69AF9D2AF55963007244C1 /* AnimatedButton.swift */ = {isa = PBXFileReference; lastKnownFileType = sourcecode.swift; path = AnimatedButton.swift; sourceTree = "<group>"; };
		3E69AF9F2AF55998007244C1 /* SettingsView.swift */ = {isa = PBXFileReference; lastKnownFileType = sourcecode.swift; path = SettingsView.swift; sourceTree = "<group>"; };
		3E69AFA12AF559B0007244C1 /* CustomImageView.swift */ = {isa = PBXFileReference; lastKnownFileType = sourcecode.swift; path = CustomImageView.swift; sourceTree = "<group>"; };
		3E69AFA62AF55A0A007244C1 /* CustomSlider.swift */ = {isa = PBXFileReference; lastKnownFileType = sourcecode.swift; path = CustomSlider.swift; sourceTree = "<group>"; };
		3E69AFAA2AF55A30007244C1 /* TransparentBlurView.swift */ = {isa = PBXFileReference; lastKnownFileType = sourcecode.swift; path = TransparentBlurView.swift; sourceTree = "<group>"; };
		3E69AFAC2AF55A40007244C1 /* GroundReflectionViewModifier.swift */ = {isa = PBXFileReference; lastKnownFileType = sourcecode.swift; path = GroundReflectionViewModifier.swift; sourceTree = "<group>"; };
		3E69AFAE2AF55A5A007244C1 /* IfExtension.swift */ = {isa = PBXFileReference; lastKnownFileType = sourcecode.swift; path = IfExtension.swift; sourceTree = "<group>"; };
		3E69AFB02AF55A67007244C1 /* ZoomModifier.swift */ = {isa = PBXFileReference; lastKnownFileType = sourcecode.swift; path = ZoomModifier.swift; sourceTree = "<group>"; };
		3E69AFB42AF55A93007244C1 /* UniversalAlert.swift */ = {isa = PBXFileReference; lastKnownFileType = sourcecode.swift; path = UniversalAlert.swift; sourceTree = "<group>"; };
		3E69AFB62AF55AA7007244C1 /* BundleInfo.swift */ = {isa = PBXFileReference; lastKnownFileType = sourcecode.swift; path = BundleInfo.swift; sourceTree = "<group>"; };
		3E69AFB82AF55AB5007244C1 /* CustomToggle.swift */ = {isa = PBXFileReference; lastKnownFileType = sourcecode.swift; path = CustomToggle.swift; sourceTree = "<group>"; };
		3E69AFBA2AF55AC7007244C1 /* PhotoPicker.swift */ = {isa = PBXFileReference; lastKnownFileType = sourcecode.swift; path = PhotoPicker.swift; sourceTree = "<group>"; };
		3E69AFBC2AF55ADD007244C1 /* CustomPagingSlider.swift */ = {isa = PBXFileReference; lastKnownFileType = sourcecode.swift; path = CustomPagingSlider.swift; sourceTree = "<group>"; };
		3E69AFBE2AF55AF1007244C1 /* SnapShot.swift */ = {isa = PBXFileReference; lastKnownFileType = sourcecode.swift; path = SnapShot.swift; sourceTree = "<group>"; };
		3E69AFC02AF55B08007244C1 /* CustomPresentation.swift */ = {isa = PBXFileReference; lastKnownFileType = sourcecode.swift; path = CustomPresentation.swift; sourceTree = "<group>"; };
		3E69AFC62AF55B93007244C1 /* AlwaysPopoverModifier.swift */ = {isa = PBXFileReference; lastKnownFileType = sourcecode.swift; path = AlwaysPopoverModifier.swift; sourceTree = "<group>"; };
		3E69AFC82AF55BA7007244C1 /* ContentViewController.swift */ = {isa = PBXFileReference; lastKnownFileType = sourcecode.swift; path = ContentViewController.swift; sourceTree = "<group>"; };
		3E69AFCA2AF55BBD007244C1 /* UIView+Extension.swift */ = {isa = PBXFileReference; lastKnownFileType = sourcecode.swift; path = "UIView+Extension.swift"; sourceTree = "<group>"; };
		3E69AFCC2AF55BD1007244C1 /* View+Modifiers.swift */ = {isa = PBXFileReference; lastKnownFileType = sourcecode.swift; path = "View+Modifiers.swift"; sourceTree = "<group>"; };
		3E72A08B2B17A01B00797359 /* MockupView.swift */ = {isa = PBXFileReference; lastKnownFileType = sourcecode.swift; path = MockupView.swift; sourceTree = "<group>"; };
		3E7373B62B8CBE1900F0C963 /* GradientTitleButtons.swift */ = {isa = PBXFileReference; fileEncoding = 4; lastKnownFileType = sourcecode.swift; path = GradientTitleButtons.swift; sourceTree = "<group>"; };
		3E7373B82B8CBE2700F0C963 /* GradientSlidersButtons.swift */ = {isa = PBXFileReference; fileEncoding = 4; lastKnownFileType = sourcecode.swift; path = GradientSlidersButtons.swift; sourceTree = "<group>"; };
		3E7373BA2B8CBE3A00F0C963 /* HorizontalVerticalSliders.swift */ = {isa = PBXFileReference; fileEncoding = 4; lastKnownFileType = sourcecode.swift; path = HorizontalVerticalSliders.swift; sourceTree = "<group>"; };
		3E7373BC2B8CBE4900F0C963 /* RotationSlider.swift */ = {isa = PBXFileReference; fileEncoding = 4; lastKnownFileType = sourcecode.swift; path = RotationSlider.swift; sourceTree = "<group>"; };
		3E7373BE2B8CBE4E00F0C963 /* WaveEffectSlider.swift */ = {isa = PBXFileReference; fileEncoding = 4; lastKnownFileType = sourcecode.swift; path = WaveEffectSlider.swift; sourceTree = "<group>"; };
		3E7373C02B8CBE7E00F0C963 /* ColorPickerView.swift */ = {isa = PBXFileReference; fileEncoding = 4; lastKnownFileType = sourcecode.swift; path = ColorPickerView.swift; sourceTree = "<group>"; };
		3E7373C22B8CBE8300F0C963 /* ReOrderGradientButton.swift */ = {isa = PBXFileReference; fileEncoding = 4; lastKnownFileType = sourcecode.swift; path = ReOrderGradientButton.swift; sourceTree = "<group>"; };
		3E7373C42B8CC04500F0C963 /* CustomToggleBlend.swift */ = {isa = PBXFileReference; lastKnownFileType = sourcecode.swift; path = CustomToggleBlend.swift; sourceTree = "<group>"; };
		3E7808722B7FA978000A9F84 /* GradientBackground.swift */ = {isa = PBXFileReference; lastKnownFileType = sourcecode.swift; path = GradientBackground.swift; sourceTree = "<group>"; };
		3E7808742B7FA99A000A9F84 /* SliderView.swift */ = {isa = PBXFileReference; lastKnownFileType = sourcecode.swift; path = SliderView.swift; sourceTree = "<group>"; };
		3E7808762B7FA9AE000A9F84 /* PopOverGradientWallView.swift */ = {isa = PBXFileReference; lastKnownFileType = sourcecode.swift; path = PopOverGradientWallView.swift; sourceTree = "<group>"; };
		3E7EC1F32B18CF05006CA403 /* IAP.swift */ = {isa = PBXFileReference; fileEncoding = 4; lastKnownFileType = sourcecode.swift; path = IAP.swift; sourceTree = "<group>"; };
		3E81CA4A2B271AE400D01A39 /* Shine.swift */ = {isa = PBXFileReference; lastKnownFileType = sourcecode.swift; path = Shine.swift; sourceTree = "<group>"; };
		3E84DFC72B8E2C48000D139D /* LoadJSONView.swift */ = {isa = PBXFileReference; fileEncoding = 4; lastKnownFileType = sourcecode.swift; path = LoadJSONView.swift; sourceTree = "<group>"; };
		3E8B33412B4707D5007536DB /* CrownView.swift */ = {isa = PBXFileReference; lastKnownFileType = sourcecode.swift; path = CrownView.swift; sourceTree = "<group>"; };
		3E8B3AB32BA1B75B0050529A /* RandomURLWallpaper.swift */ = {isa = PBXFileReference; lastKnownFileType = sourcecode.swift; path = RandomURLWallpaper.swift; sourceTree = "<group>"; };
		3E8B3AB52BA3000E0050529A /* SearchBarView.swift */ = {isa = PBXFileReference; lastKnownFileType = sourcecode.swift; path = SearchBarView.swift; sourceTree = "<group>"; };
		3E8B3AB72BA300360050529A /* NofilteredImagesButton.swift */ = {isa = PBXFileReference; lastKnownFileType = sourcecode.swift; path = NofilteredImagesButton.swift; sourceTree = "<group>"; };
		3E91943D2B567FA400B4EB2D /* CreatorProfiles.swift */ = {isa = PBXFileReference; lastKnownFileType = sourcecode.swift; path = CreatorProfiles.swift; sourceTree = "<group>"; };
		3EA7EE4A2BA34BE300279344 /* WallpaperURLData.swift */ = {isa = PBXFileReference; lastKnownFileType = sourcecode.swift; path = WallpaperURLData.swift; sourceTree = "<group>"; };
		3EAB30FF2B878AC400B0D756 /* UltraThinButton.swift */ = {isa = PBXFileReference; lastKnownFileType = sourcecode.swift; path = UltraThinButton.swift; sourceTree = "<group>"; };
		3EAB31022B878B3D00B0D756 /* ProgressBar.swift */ = {isa = PBXFileReference; lastKnownFileType = sourcecode.swift; path = ProgressBar.swift; sourceTree = "<group>"; };
		3EAB31042B87963100B0D756 /* OverlayButtonsView.swift */ = {isa = PBXFileReference; lastKnownFileType = sourcecode.swift; path = OverlayButtonsView.swift; sourceTree = "<group>"; };
		3EAB31062B87963D00B0D756 /* GradientBlurView.swift */ = {isa = PBXFileReference; lastKnownFileType = sourcecode.swift; path = GradientBlurView.swift; sourceTree = "<group>"; };
		3EAB31082B87964800B0D756 /* HalfBlurView.swift */ = {isa = PBXFileReference; lastKnownFileType = sourcecode.swift; path = HalfBlurView.swift; sourceTree = "<group>"; };
		3EAB310A2B87965300B0D756 /* GradientOverlayImageView.swift */ = {isa = PBXFileReference; lastKnownFileType = sourcecode.swift; path = GradientOverlayImageView.swift; sourceTree = "<group>"; };
		3EAB310C2B87970600B0D756 /* AdjustmentSettingsView.swift */ = {isa = PBXFileReference; lastKnownFileType = sourcecode.swift; path = AdjustmentSettingsView.swift; sourceTree = "<group>"; };
		3EAFEB3D2B23644900D57F5C /* Heart.swift */ = {isa = PBXFileReference; lastKnownFileType = sourcecode.swift; path = Heart.swift; sourceTree = "<group>"; };
		3EB858BC2B4FEA24001C8A68 /* RollingText.swift */ = {isa = PBXFileReference; fileEncoding = 4; lastKnownFileType = sourcecode.swift; path = RollingText.swift; sourceTree = "<group>"; };
		3EB858BE2B51A49F001C8A68 /* GridOverlay.swift */ = {isa = PBXFileReference; fileEncoding = 4; lastKnownFileType = sourcecode.swift; path = GridOverlay.swift; sourceTree = "<group>"; };
		3EB9F1B82B6C0B5600DDC58A /* PersistentOverlays.swift */ = {isa = PBXFileReference; fileEncoding = 4; lastKnownFileType = sourcecode.swift; path = PersistentOverlays.swift; sourceTree = "<group>"; };
		3EBB36022B960EB500734B21 /* NewsView.swift */ = {isa = PBXFileReference; lastKnownFileType = sourcecode.swift; path = NewsView.swift; sourceTree = "<group>"; };
		3EC0D5B12B18992000365B38 /* ApplicationSettings.swift */ = {isa = PBXFileReference; lastKnownFileType = sourcecode.swift; path = ApplicationSettings.swift; sourceTree = "<group>"; };
		3EC0D5B32B18B9B700365B38 /* DonationView.swift */ = {isa = PBXFileReference; lastKnownFileType = sourcecode.swift; path = DonationView.swift; sourceTree = "<group>"; };
		3ECD71D02B9F09C70072C295 /* Checkerboard.swift */ = {isa = PBXFileReference; lastKnownFileType = sourcecode.swift; path = Checkerboard.swift; sourceTree = "<group>"; };
		3ECD71D42B9F27A80072C295 /* OverlaysView.swift */ = {isa = PBXFileReference; lastKnownFileType = sourcecode.swift; path = OverlaysView.swift; sourceTree = "<group>"; };
		3ECD71D62B9F6D5E0072C295 /* ImageExporter.swift */ = {isa = PBXFileReference; fileEncoding = 4; lastKnownFileType = sourcecode.swift; name = ImageExporter.swift; path = "../../../../../Developer/XCode Projects/ShowCreative/Smart Wallpaper Art/Image Export and Picker/ImageExporter.swift"; sourceTree = "<group>"; };
		3ED67EC12B1F677D008CFD61 /* CrownOverlayView.swift */ = {isa = PBXFileReference; lastKnownFileType = sourcecode.swift; path = CrownOverlayView.swift; sourceTree = "<group>"; };
		3EEE00452B7E1933005CB2CD /* Fluid.swift */ = {isa = PBXFileReference; fileEncoding = 4; lastKnownFileType = sourcecode.swift; path = Fluid.swift; sourceTree = "<group>"; };
		3EEE00472B7E19CC005CB2CD /* GradientView.swift */ = {isa = PBXFileReference; fileEncoding = 4; lastKnownFileType = sourcecode.swift; path = GradientView.swift; sourceTree = "<group>"; };
		3EF4A60A2B7A48D10025D0F6 /* OnBoarding.swift */ = {isa = PBXFileReference; lastKnownFileType = sourcecode.swift; path = OnBoarding.swift; sourceTree = "<group>"; };
		3EF74DA52B552FE4002E1D8D /* URLPill.swift */ = {isa = PBXFileReference; lastKnownFileType = sourcecode.swift; path = URLPill.swift; sourceTree = "<group>"; };
		3EFE43F22B98CFA700646319 /* Tab.swift */ = {isa = PBXFileReference; fileEncoding = 4; lastKnownFileType = sourcecode.swift; path = Tab.swift; sourceTree = "<group>"; };
		3EFE43F42B98CFB500646319 /* Home.swift */ = {isa = PBXFileReference; fileEncoding = 4; lastKnownFileType = sourcecode.swift; path = Home.swift; sourceTree = "<group>"; };
		3EFE43F62B99C78400646319 /* WallpaperTitleView.swift */ = {isa = PBXFileReference; lastKnownFileType = sourcecode.swift; path = WallpaperTitleView.swift; sourceTree = "<group>"; };
/* End PBXFileReference section */

/* Begin PBXFrameworksBuildPhase section */
		3E69AF742AF55875007244C1 /* Frameworks */ = {
			isa = PBXFrameworksBuildPhase;
			buildActionMask = 2147483647;
			files = (
				3E40F5B72B583F3700D1B581 /* SwiftUIX in Frameworks */,
				3EE33A572B0CF9190012BE14 /* SDWebImageSwiftUI in Frameworks */,
				3EFE440F2B9A072200646319 /* IsScrolling in Frameworks */,
				3E9EE88A2B03C9BF001E6E50 /* SwiftUIKit in Frameworks */,
				3EFE44082B9A06FD00646319 /* SwiftUIIntrospect in Frameworks */,
				3EFE440C2B9A06FD00646319 /* SwiftUIIntrospect-Static in Frameworks */,
			);
			runOnlyForDeploymentPostprocessing = 0;
		};
/* End PBXFrameworksBuildPhase section */

/* Begin PBXGroup section */
		3E23E9082B0F5D0600DE4460 /* Tips Messages */ = {
			isa = PBXGroup;
			children = (
				3E23E9092B0F5D1800DE4460 /* Tip Views.swift */,
			);
			path = "Tips Messages";
			sourceTree = "<group>";
		};
		3E611ADD2B0E4C04007A1714 /* URL Image */ = {
			isa = PBXGroup;
			children = (
				3EAB31012B878ADD00B0D756 /* Models */,
				3E5FF5922B078C0D0007AF8D /* URLImageView.swift */,
				3E611AD92B0E196B007A1714 /* URLButtonView.swift */,
				3EFE43F62B99C78400646319 /* WallpaperTitleView.swift */,
				3E611AD72B0E1942007A1714 /* URLSaveStateViews.swift */,
				3E23E90B2B0F6C1000DE4460 /* FormatWalpaperCount.swift */,
				3E2D61632B1B26D700C83E14 /* NewWallAddedView.swift */,
				3ED67EC12B1F677D008CFD61 /* CrownOverlayView.swift */,
				3EF74DA52B552FE4002E1D8D /* URLPill.swift */,
				3E91943D2B567FA400B4EB2D /* CreatorProfiles.swift */,
				3E67B31B2B6AA4E0003C6C73 /* FileNameView.swift */,
				3E67B31D2B6AA508003C6C73 /* SheetContentView.swift */,
				3E67B31F2B6AA525003C6C73 /* LargeImageView.swift */,
				3E67B3232B6AA82A003C6C73 /* UIImage.swift */,
				3E67B3252B6AA849003C6C73 /* NoAIPromptView.swift */,
				3E67B3272B6AACB2003C6C73 /* customFrameBasedOnCondition.swift */,
				3E67B3292B6AB0F3003C6C73 /* WallpaperImageView.swift */,
				3E67B32B2B6AB10F003C6C73 /* AICustomTextModifier.swift */,
				3E67B32F2B6B9D5B003C6C73 /* TabIndicatorView.swift */,
				3EAB30FF2B878AC400B0D756 /* UltraThinButton.swift */,
				3EAB31022B878B3D00B0D756 /* ProgressBar.swift */,
				3E8B3AB52BA3000E0050529A /* SearchBarView.swift */,
				3E8B3AB72BA300360050529A /* NofilteredImagesButton.swift */,
			);
			path = "URL Image";
			sourceTree = "<group>";
		};
		3E69AF6E2AF55875007244C1 = {
			isa = PBXGroup;
			children = (
				3E69AF792AF55875007244C1 /* M */,
				3E69AF782AF55875007244C1 /* Products */,
				3E87AB9F2B87788400B721A1 /* Frameworks */,
			);
			sourceTree = "<group>";
		};
		3E69AF782AF55875007244C1 /* Products */ = {
			isa = PBXGroup;
			children = (
				3E69AF772AF55875007244C1 /* M.app */,
			);
			name = Products;
			sourceTree = "<group>";
		};
		3E69AF792AF55875007244C1 /* M */ = {
			isa = PBXGroup;
			children = (
				3EFE43F12B98CF8A00646319 /* Tab */,
				3E84DFC62B8E2C33000D139D /* LoadURL Overlay Images */,
				3EEE00402B7E1592005CB2CD /* Gradient Creator */,
				3E23E9082B0F5D0600DE4460 /* Tips Messages */,
				3E611ADD2B0E4C04007A1714 /* URL Image */,
				3E69AFC52AF55B83007244C1 /* PopOver */,
				3E69AFA52AF559F8007244C1 /* Helpers Extensions */,
				3E69AF9A2AF55945007244C1 /* Views */,
				3E69AF8F2AF558B5007244C1 /* Layer Group */,
				3E69AF892AF55884007244C1 /* Launch Screen.storyboard */,
				3E69AF7A2AF55875007244C1 /* MApp.swift */,
				3E69AF7C2AF55875007244C1 /* ContentView.swift */,
				3E69AF7E2AF55876007244C1 /* Assets.xcassets */,
				3E69AF802AF55876007244C1 /* M.entitlements */,
				3E69AF812AF55876007244C1 /* Preview Content */,
			);
			path = M;
			sourceTree = "<group>";
		};
		3E69AF812AF55876007244C1 /* Preview Content */ = {
			isa = PBXGroup;
			children = (
				3E69AF822AF55876007244C1 /* Preview Assets.xcassets */,
			);
			path = "Preview Content";
			sourceTree = "<group>";
		};
		3E69AF8F2AF558B5007244C1 /* Layer Group */ = {
			isa = PBXGroup;
			children = (
				3E69AF902AF558C6007244C1 /* ContentViewModel.swift */,
				3E69AF922AF558DC007244C1 /* ImageObject.swift */,
				3E69AF942AF558F4007244C1 /* LayerObject.swift */,
				3E69AF962AF55913007244C1 /* LayerObjectAppearance.swift */,
			);
			path = "Layer Group";
			sourceTree = "<group>";
		};
		3E69AF9A2AF55945007244C1 /* Views */ = {
			isa = PBXGroup;
			children = (
				3EF4A60A2B7A48D10025D0F6 /* OnBoarding.swift */,
				3E2D61612B1B213100C83E14 /* New.swift */,
				3E01F7A42AF8EFF800DC7A4A /* ImportButtons.swift */,
				3E69AF9B2AF5594E007244C1 /* ShowCreative.swift */,
				3E69AF9D2AF55963007244C1 /* AnimatedButton.swift */,
				3E69AF9F2AF55998007244C1 /* SettingsView.swift */,
				3E69AFA12AF559B0007244C1 /* CustomImageView.swift */,
				3E8B3AB32BA1B75B0050529A /* RandomURLWallpaper.swift */,
				3E72A08B2B17A01B00797359 /* MockupView.swift */,
				3EC0D5B12B18992000365B38 /* ApplicationSettings.swift */,
				3EC0D5B32B18B9B700365B38 /* DonationView.swift */,
				3E19274F2B1DF1DC0029B011 /* UnlockPremiumView.swift */,
				3E8B33412B4707D5007536DB /* CrownView.swift */,
				3EAFEB3D2B23644900D57F5C /* Heart.swift */,
				3EBB36022B960EB500734B21 /* NewsView.swift */,
			);
			path = Views;
			sourceTree = "<group>";
		};
		3E69AFA52AF559F8007244C1 /* Helpers Extensions */ = {
			isa = PBXGroup;
			children = (
				3E7EC1F32B18CF05006CA403 /* IAP.swift */,
				3EB9F1B82B6C0B5600DDC58A /* PersistentOverlays.swift */,
				3E67B3192B6AA207003C6C73 /* WiggleModifier.swift */,
				3E67B3112B695F84003C6C73 /* CoverFlowView.swift */,
				3EB858BE2B51A49F001C8A68 /* GridOverlay.swift */,
				3EB858BC2B4FEA24001C8A68 /* RollingText.swift */,
				3E23E90D2B0F997700DE4460 /* ZoomGesture.swift */,
				3E69AFA62AF55A0A007244C1 /* CustomSlider.swift */,
				3E01F7A22AF642B300DC7A4A /* ShareImageButton.swift */,
				3E69AFAA2AF55A30007244C1 /* TransparentBlurView.swift */,
				3E69AFAC2AF55A40007244C1 /* GroundReflectionViewModifier.swift */,
				3E69AFAE2AF55A5A007244C1 /* IfExtension.swift */,
				3E69AFB02AF55A67007244C1 /* ZoomModifier.swift */,
				3E69AFB42AF55A93007244C1 /* UniversalAlert.swift */,
				3E69AFB62AF55AA7007244C1 /* BundleInfo.swift */,
				3E69AFB82AF55AB5007244C1 /* CustomToggle.swift */,
				3E28819A2AFD046B0071E460 /* CustomToggle3Way.swift */,
				3E69AFBA2AF55AC7007244C1 /* PhotoPicker.swift */,
				3E69AFBC2AF55ADD007244C1 /* CustomPagingSlider.swift */,
				3E69AFBE2AF55AF1007244C1 /* SnapShot.swift */,
				3E69AFC02AF55B08007244C1 /* CustomPresentation.swift */,
				3E81CA4A2B271AE400D01A39 /* Shine.swift */,
				3E67B30F2B6952FC003C6C73 /* ParallaxMotionModifier.swift */,
				3E09B5F42B90A57A0010A47F /* UIDeviceIdentifier.swift */,
			);
			path = "Helpers Extensions";
			sourceTree = "<group>";
		};
		3E69AFC52AF55B83007244C1 /* PopOver */ = {
			isa = PBXGroup;
			children = (
				3E69AFC62AF55B93007244C1 /* AlwaysPopoverModifier.swift */,
				3E69AFC82AF55BA7007244C1 /* ContentViewController.swift */,
				3E69AFCA2AF55BBD007244C1 /* UIView+Extension.swift */,
				3E69AFCC2AF55BD1007244C1 /* View+Modifiers.swift */,
			);
			path = PopOver;
			sourceTree = "<group>";
		};
		3E84DFC62B8E2C33000D139D /* LoadURL Overlay Images */ = {
			isa = PBXGroup;
			children = (
				3E84DFC72B8E2C48000D139D /* LoadJSONView.swift */,
				3E09B5F62B90A8660010A47F /* ImageTitleSubTitleView.swift */,
			);
			path = "LoadURL Overlay Images";
			sourceTree = "<group>";
		};
		3E87AB9F2B87788400B721A1 /* Frameworks */ = {
			isa = PBXGroup;
			children = (
			);
			name = Frameworks;
			sourceTree = "<group>";
		};
		3EAB31012B878ADD00B0D756 /* Models */ = {
			isa = PBXGroup;
			children = (
				3E67B3212B6AA7FF003C6C73 /* ImageMetadataViewModel.swift */,
				3E3DFA3D2B21F70600A4097E /* DataModel.swift */,
				3E3DFA3F2B21F73700A4097E /* ImageModel.swift */,
				3E277FB72B9B505400C0F062 /* NewImagesModel.swift */,
				3EA7EE4A2BA34BE300279344 /* WallpaperURLData.swift */,
			);
			path = Models;
			sourceTree = "<group>";
		};
		3EEE00402B7E1592005CB2CD /* Gradient Creator */ = {
			isa = PBXGroup;
			children = (
				3ECD71D62B9F6D5E0072C295 /* ImageExporter.swift */,
				3EEE00472B7E19CC005CB2CD /* GradientView.swift */,
				3ECD71D42B9F27A80072C295 /* OverlaysView.swift */,
				3EEE00452B7E1933005CB2CD /* Fluid.swift */,
				3E69AF8A2AF55884007244C1 /* Shaders.metal */,
				3E7808722B7FA978000A9F84 /* GradientBackground.swift */,
				3E7373BE2B8CBE4E00F0C963 /* WaveEffectSlider.swift */,
				3E7373B62B8CBE1900F0C963 /* GradientTitleButtons.swift */,
				3E7373BC2B8CBE4900F0C963 /* RotationSlider.swift */,
				3E7373BA2B8CBE3A00F0C963 /* HorizontalVerticalSliders.swift */,
				3E7808742B7FA99A000A9F84 /* SliderView.swift */,
				3E7373B82B8CBE2700F0C963 /* GradientSlidersButtons.swift */,
				3E7808762B7FA9AE000A9F84 /* PopOverGradientWallView.swift */,
				3E7373C02B8CBE7E00F0C963 /* ColorPickerView.swift */,
				3E7373C22B8CBE8300F0C963 /* ReOrderGradientButton.swift */,
				3EAB31042B87963100B0D756 /* OverlayButtonsView.swift */,
				3EAB31062B87963D00B0D756 /* GradientBlurView.swift */,
				3EAB31082B87964800B0D756 /* HalfBlurView.swift */,
				3EAB310A2B87965300B0D756 /* GradientOverlayImageView.swift */,
				3EAB310C2B87970600B0D756 /* AdjustmentSettingsView.swift */,
				3E7373C42B8CC04500F0C963 /* CustomToggleBlend.swift */,
				3ECD71D02B9F09C70072C295 /* Checkerboard.swift */,
				3E1F7C352BA06CF30004D09C /* ImageFilters.swift */,
			);
			path = "Gradient Creator";
			sourceTree = "<group>";
		};
		3EFE43F12B98CF8A00646319 /* Tab */ = {
			isa = PBXGroup;
			children = (
				3EFE43F42B98CFB500646319 /* Home.swift */,
				3EFE43F22B98CFA700646319 /* Tab.swift */,
			);
			path = Tab;
			sourceTree = "<group>";
		};
/* End PBXGroup section */

/* Begin PBXNativeTarget section */
		3E69AF762AF55875007244C1 /* M */ = {
			isa = PBXNativeTarget;
			buildConfigurationList = 3E69AF862AF55876007244C1 /* Build configuration list for PBXNativeTarget "M" */;
			buildPhases = (
				3E69AF732AF55875007244C1 /* Sources */,
				3E69AF742AF55875007244C1 /* Frameworks */,
				3E69AF752AF55875007244C1 /* Resources */,
				3EFE44112B9A09A300646319 /* Embed Frameworks */,
			);
			buildRules = (
			);
			dependencies = (
			);
			name = M;
			packageProductDependencies = (
				3E9EE8892B03C9BF001E6E50 /* SwiftUIKit */,
				3EE33A562B0CF9190012BE14 /* SDWebImageSwiftUI */,
				3E40F5B62B583F3700D1B581 /* SwiftUIX */,
				3EFE44072B9A06FD00646319 /* SwiftUIIntrospect */,
				3EFE440B2B9A06FD00646319 /* SwiftUIIntrospect-Static */,
				3EFE440E2B9A072200646319 /* IsScrolling */,
			);
			productName = M;
			productReference = 3E69AF772AF55875007244C1 /* M.app */;
			productType = "com.apple.product-type.application";
		};
/* End PBXNativeTarget section */

/* Begin PBXProject section */
		3E69AF6F2AF55875007244C1 /* Project object */ = {
			isa = PBXProject;
			attributes = {
				BuildIndependentTargetsInParallel = 1;
				LastSwiftUpdateCheck = 1500;
				LastUpgradeCheck = 1510;
				TargetAttributes = {
					3E69AF762AF55875007244C1 = {
						CreatedOnToolsVersion = 15.0.1;
					};
				};
			};
			buildConfigurationList = 3E69AF722AF55875007244C1 /* Build configuration list for PBXProject "M" */;
			compatibilityVersion = "Xcode 14.0";
			developmentRegion = en;
			hasScannedForEncodings = 0;
			knownRegions = (
				en,
				Base,
			);
			mainGroup = 3E69AF6E2AF55875007244C1;
			packageReferences = (
				3E9EE8882B03C9BF001E6E50 /* XCRemoteSwiftPackageReference "SwiftUIKit" */,
				3EE33A552B0CF9190012BE14 /* XCRemoteSwiftPackageReference "SDWebImageSwiftUI" */,
				3E40F5B52B583F3700D1B581 /* XCRemoteSwiftPackageReference "SwiftUIX" */,
				3EFE44062B9A06FD00646319 /* XCRemoteSwiftPackageReference "SwiftUI-Introspect" */,
				3EFE440D2B9A072200646319 /* XCRemoteSwiftPackageReference "IsScrolling" */,
			);
			productRefGroup = 3E69AF782AF55875007244C1 /* Products */;
			projectDirPath = "";
			projectRoot = "";
			targets = (
				3E69AF762AF55875007244C1 /* M */,
			);
		};
/* End PBXProject section */

/* Begin PBXResourcesBuildPhase section */
		3E69AF752AF55875007244C1 /* Resources */ = {
			isa = PBXResourcesBuildPhase;
			buildActionMask = 2147483647;
			files = (
				3E69AF8B2AF55884007244C1 /* Launch Screen.storyboard in Resources */,
				3E69AF832AF55876007244C1 /* Preview Assets.xcassets in Resources */,
				3E69AF7F2AF55876007244C1 /* Assets.xcassets in Resources */,
			);
			runOnlyForDeploymentPostprocessing = 0;
		};
/* End PBXResourcesBuildPhase section */

/* Begin PBXSourcesBuildPhase section */
		3E69AF732AF55875007244C1 /* Sources */ = {
			isa = PBXSourcesBuildPhase;
			buildActionMask = 2147483647;
			files = (
				3E67B31A2B6AA207003C6C73 /* WiggleModifier.swift in Sources */,
				3E69AF912AF558C6007244C1 /* ContentViewModel.swift in Sources */,
				3E8B33422B4707D5007536DB /* CrownView.swift in Sources */,
				3E69AFC12AF55B08007244C1 /* CustomPresentation.swift in Sources */,
				3EFE43F52B98CFB500646319 /* Home.swift in Sources */,
				3E7373C52B8CC04500F0C963 /* CustomToggleBlend.swift in Sources */,
				3E67B32C2B6AB10F003C6C73 /* AICustomTextModifier.swift in Sources */,
				3E69AFBF2AF55AF1007244C1 /* SnapShot.swift in Sources */,
				3EEE00462B7E1933005CB2CD /* Fluid.swift in Sources */,
				3E81CA4B2B271AE400D01A39 /* Shine.swift in Sources */,
				3E8B3AB62BA3000E0050529A /* SearchBarView.swift in Sources */,
				3E7373BF2B8CBE4E00F0C963 /* WaveEffectSlider.swift in Sources */,
				3EAB31002B878AC400B0D756 /* UltraThinButton.swift in Sources */,
				3E277FB82B9B505400C0F062 /* NewImagesModel.swift in Sources */,
				3EAB31032B878B3D00B0D756 /* ProgressBar.swift in Sources */,
				3E8B3AB82BA300360050529A /* NofilteredImagesButton.swift in Sources */,
				3E67B3222B6AA7FF003C6C73 /* ImageMetadataViewModel.swift in Sources */,
				3E2D61622B1B213100C83E14 /* New.swift in Sources */,
				3E69AFB72AF55AA7007244C1 /* BundleInfo.swift in Sources */,
				3E611ADA2B0E196B007A1714 /* URLButtonView.swift in Sources */,
				3E67B3302B6B9D5B003C6C73 /* TabIndicatorView.swift in Sources */,
				3E67B3242B6AA82A003C6C73 /* UIImage.swift in Sources */,
				3E23E90A2B0F5D1800DE4460 /* Tip Views.swift in Sources */,
				3EC0D5B22B18992000365B38 /* ApplicationSettings.swift in Sources */,
				3EA7EE4B2BA34BE300279344 /* WallpaperURLData.swift in Sources */,
				3E7808732B7FA978000A9F84 /* GradientBackground.swift in Sources */,
				3E09B5F72B90A8660010A47F /* ImageTitleSubTitleView.swift in Sources */,
				3ED67EC22B1F677D008CFD61 /* CrownOverlayView.swift in Sources */,
				3EB858BF2B51A49F001C8A68 /* GridOverlay.swift in Sources */,
				3E7808772B7FA9AE000A9F84 /* PopOverGradientWallView.swift in Sources */,
				3EAB310D2B87970600B0D756 /* AdjustmentSettingsView.swift in Sources */,
				3EF74DA62B552FE4002E1D8D /* URLPill.swift in Sources */,
				3EFE43F32B98CFA700646319 /* Tab.swift in Sources */,
				3E69AF9C2AF5594E007244C1 /* ShowCreative.swift in Sources */,
				3E01F7A52AF8EFF800DC7A4A /* ImportButtons.swift in Sources */,
				3E69AFC72AF55B93007244C1 /* AlwaysPopoverModifier.swift in Sources */,
				3EF4A60B2B7A48D10025D0F6 /* OnBoarding.swift in Sources */,
				3EB858BD2B4FEA24001C8A68 /* RollingText.swift in Sources */,
				3E69AF8C2AF55884007244C1 /* Shaders.metal in Sources */,
				3EBB36032B960EB500734B21 /* NewsView.swift in Sources */,
				3E67B3122B695F84003C6C73 /* CoverFlowView.swift in Sources */,
				3E67B3202B6AA525003C6C73 /* LargeImageView.swift in Sources */,
				3E69AFAD2AF55A40007244C1 /* GroundReflectionViewModifier.swift in Sources */,
				3E67B3102B6952FC003C6C73 /* ParallaxMotionModifier.swift in Sources */,
				3EC0D5B42B18B9B700365B38 /* DonationView.swift in Sources */,
				3E69AFBD2AF55ADD007244C1 /* CustomPagingSlider.swift in Sources */,
				3E5FF5932B078C0D0007AF8D /* URLImageView.swift in Sources */,
				3E69AFB12AF55A67007244C1 /* ZoomModifier.swift in Sources */,
				3E09B5F52B90A57A0010A47F /* UIDeviceIdentifier.swift in Sources */,
				3ECD71D52B9F27A80072C295 /* OverlaysView.swift in Sources */,
				3E67B3282B6AACB2003C6C73 /* customFrameBasedOnCondition.swift in Sources */,
				3E7373C12B8CBE7E00F0C963 /* ColorPickerView.swift in Sources */,
				3E7808752B7FA99A000A9F84 /* SliderView.swift in Sources */,
				3EAB31092B87964800B0D756 /* HalfBlurView.swift in Sources */,
				3E69AF7D2AF55875007244C1 /* ContentView.swift in Sources */,
				3E69AF9E2AF55963007244C1 /* AnimatedButton.swift in Sources */,
				3EAFEB3E2B23644900D57F5C /* Heart.swift in Sources */,
				3E69AFC92AF55BA7007244C1 /* ContentViewController.swift in Sources */,
				3EAB31072B87963D00B0D756 /* GradientBlurView.swift in Sources */,
				3E69AFA02AF55998007244C1 /* SettingsView.swift in Sources */,
				3E69AFAB2AF55A30007244C1 /* TransparentBlurView.swift in Sources */,
				3EFE43F72B99C78400646319 /* WallpaperTitleView.swift in Sources */,
				3E23E90E2B0F997700DE4460 /* ZoomGesture.swift in Sources */,
				3E69AFAF2AF55A5A007244C1 /* IfExtension.swift in Sources */,
				3E7373C32B8CBE8300F0C963 /* ReOrderGradientButton.swift in Sources */,
				3E7373BB2B8CBE3A00F0C963 /* HorizontalVerticalSliders.swift in Sources */,
				3E28819B2AFD046B0071E460 /* CustomToggle3Way.swift in Sources */,
				3ECD71D72B9F6D5E0072C295 /* ImageExporter.swift in Sources */,
				3E67B31E2B6AA508003C6C73 /* SheetContentView.swift in Sources */,
				3ECD71D12B9F09C70072C295 /* Checkerboard.swift in Sources */,
				3EB9F1B92B6C0B5600DDC58A /* PersistentOverlays.swift in Sources */,
				3E01F7A32AF642B300DC7A4A /* ShareImageButton.swift in Sources */,
				3E23E90C2B0F6C1000DE4460 /* FormatWalpaperCount.swift in Sources */,
				3E69AFBB2AF55AC7007244C1 /* PhotoPicker.swift in Sources */,
				3E69AFCD2AF55BD1007244C1 /* View+Modifiers.swift in Sources */,
				3EEE00482B7E19CC005CB2CD /* GradientView.swift in Sources */,
				3E3DFA402B21F73700A4097E /* ImageModel.swift in Sources */,
				3E69AFB52AF55A93007244C1 /* UniversalAlert.swift in Sources */,
				3E67B32A2B6AB0F3003C6C73 /* WallpaperImageView.swift in Sources */,
				3E7373B92B8CBE2700F0C963 /* GradientSlidersButtons.swift in Sources */,
				3E72A08C2B17A01B00797359 /* MockupView.swift in Sources */,
				3E7EC1F42B18CF05006CA403 /* IAP.swift in Sources */,
				3E69AF932AF558DC007244C1 /* ImageObject.swift in Sources */,
				3E69AFA72AF55A0A007244C1 /* CustomSlider.swift in Sources */,
				3E69AFB92AF55AB5007244C1 /* CustomToggle.swift in Sources */,
				3E611AD82B0E1942007A1714 /* URLSaveStateViews.swift in Sources */,
				3E69AFCB2AF55BBD007244C1 /* UIView+Extension.swift in Sources */,
				3E7373BD2B8CBE4900F0C963 /* RotationSlider.swift in Sources */,
				3EAB310B2B87965300B0D756 /* GradientOverlayImageView.swift in Sources */,
				3E3DFA3E2B21F70600A4097E /* DataModel.swift in Sources */,
				3E67B3262B6AA849003C6C73 /* NoAIPromptView.swift in Sources */,
				3EAB31052B87963100B0D756 /* OverlayButtonsView.swift in Sources */,
				3E84DFC82B8E2C48000D139D /* LoadJSONView.swift in Sources */,
				3E91943E2B567FA400B4EB2D /* CreatorProfiles.swift in Sources */,
				3E69AFA22AF559B0007244C1 /* CustomImageView.swift in Sources */,
				3E1F7C362BA06CF30004D09C /* ImageFilters.swift in Sources */,
				3E8B3AB42BA1B75B0050529A /* RandomURLWallpaper.swift in Sources */,
				3E2D61642B1B26D700C83E14 /* NewWallAddedView.swift in Sources */,
				3E69AF972AF55913007244C1 /* LayerObjectAppearance.swift in Sources */,
				3E67B31C2B6AA4E0003C6C73 /* FileNameView.swift in Sources */,
				3E1927502B1DF1DC0029B011 /* UnlockPremiumView.swift in Sources */,
				3E7373B72B8CBE1900F0C963 /* GradientTitleButtons.swift in Sources */,
				3E69AF952AF558F4007244C1 /* LayerObject.swift in Sources */,
				3E69AF7B2AF55875007244C1 /* MApp.swift in Sources */,
			);
			runOnlyForDeploymentPostprocessing = 0;
		};
/* End PBXSourcesBuildPhase section */

/* Begin XCBuildConfiguration section */
		3E69AF842AF55876007244C1 /* Debug */ = {
			isa = XCBuildConfiguration;
			buildSettings = {
				ALWAYS_SEARCH_USER_PATHS = NO;
				ASSETCATALOG_COMPILER_GENERATE_SWIFT_ASSET_SYMBOL_EXTENSIONS = YES;
				CLANG_ANALYZER_NONNULL = YES;
				CLANG_ANALYZER_NUMBER_OBJECT_CONVERSION = YES_AGGRESSIVE;
				CLANG_CXX_LANGUAGE_STANDARD = "gnu++20";
				CLANG_ENABLE_MODULES = YES;
				CLANG_ENABLE_OBJC_ARC = YES;
				CLANG_ENABLE_OBJC_WEAK = YES;
				CLANG_WARN_BLOCK_CAPTURE_AUTORELEASING = YES;
				CLANG_WARN_BOOL_CONVERSION = YES;
				CLANG_WARN_COMMA = YES;
				CLANG_WARN_CONSTANT_CONVERSION = YES;
				CLANG_WARN_DEPRECATED_OBJC_IMPLEMENTATIONS = YES;
				CLANG_WARN_DIRECT_OBJC_ISA_USAGE = YES_ERROR;
				CLANG_WARN_DOCUMENTATION_COMMENTS = YES;
				CLANG_WARN_EMPTY_BODY = YES;
				CLANG_WARN_ENUM_CONVERSION = YES;
				CLANG_WARN_INFINITE_RECURSION = YES;
				CLANG_WARN_INT_CONVERSION = YES;
				CLANG_WARN_NON_LITERAL_NULL_CONVERSION = YES;
				CLANG_WARN_OBJC_IMPLICIT_RETAIN_SELF = YES;
				CLANG_WARN_OBJC_LITERAL_CONVERSION = YES;
				CLANG_WARN_OBJC_ROOT_CLASS = YES_ERROR;
				CLANG_WARN_QUOTED_INCLUDE_IN_FRAMEWORK_HEADER = YES;
				CLANG_WARN_RANGE_LOOP_ANALYSIS = YES;
				CLANG_WARN_STRICT_PROTOTYPES = YES;
				CLANG_WARN_SUSPICIOUS_MOVE = YES;
				CLANG_WARN_UNGUARDED_AVAILABILITY = YES_AGGRESSIVE;
				CLANG_WARN_UNREACHABLE_CODE = YES;
				CLANG_WARN__DUPLICATE_METHOD_MATCH = YES;
				COPY_PHASE_STRIP = NO;
				DEAD_CODE_STRIPPING = YES;
				DEBUG_INFORMATION_FORMAT = dwarf;
				ENABLE_STRICT_OBJC_MSGSEND = YES;
				ENABLE_TESTABILITY = YES;
				ENABLE_USER_SCRIPT_SANDBOXING = YES;
				GCC_C_LANGUAGE_STANDARD = gnu17;
				GCC_DYNAMIC_NO_PIC = NO;
				GCC_NO_COMMON_BLOCKS = YES;
				GCC_OPTIMIZATION_LEVEL = 0;
				GCC_PREPROCESSOR_DEFINITIONS = (
					"DEBUG=1",
					"$(inherited)",
				);
				GCC_WARN_64_TO_32_BIT_CONVERSION = YES;
				GCC_WARN_ABOUT_RETURN_TYPE = YES_ERROR;
				GCC_WARN_UNDECLARED_SELECTOR = YES;
				GCC_WARN_UNINITIALIZED_AUTOS = YES_AGGRESSIVE;
				GCC_WARN_UNUSED_FUNCTION = YES;
				GCC_WARN_UNUSED_VARIABLE = YES;
				LOCALIZATION_PREFERS_STRING_CATALOGS = YES;
				MTL_ENABLE_DEBUG_INFO = INCLUDE_SOURCE;
				MTL_FAST_MATH = YES;
				ONLY_ACTIVE_ARCH = YES;
				SWIFT_ACTIVE_COMPILATION_CONDITIONS = "DEBUG $(inherited)";
				SWIFT_OPTIMIZATION_LEVEL = "-Onone";
			};
			name = Debug;
		};
		3E69AF852AF55876007244C1 /* Release */ = {
			isa = XCBuildConfiguration;
			buildSettings = {
				ALWAYS_SEARCH_USER_PATHS = NO;
				ASSETCATALOG_COMPILER_GENERATE_SWIFT_ASSET_SYMBOL_EXTENSIONS = YES;
				CLANG_ANALYZER_NONNULL = YES;
				CLANG_ANALYZER_NUMBER_OBJECT_CONVERSION = YES_AGGRESSIVE;
				CLANG_CXX_LANGUAGE_STANDARD = "gnu++20";
				CLANG_ENABLE_MODULES = YES;
				CLANG_ENABLE_OBJC_ARC = YES;
				CLANG_ENABLE_OBJC_WEAK = YES;
				CLANG_WARN_BLOCK_CAPTURE_AUTORELEASING = YES;
				CLANG_WARN_BOOL_CONVERSION = YES;
				CLANG_WARN_COMMA = YES;
				CLANG_WARN_CONSTANT_CONVERSION = YES;
				CLANG_WARN_DEPRECATED_OBJC_IMPLEMENTATIONS = YES;
				CLANG_WARN_DIRECT_OBJC_ISA_USAGE = YES_ERROR;
				CLANG_WARN_DOCUMENTATION_COMMENTS = YES;
				CLANG_WARN_EMPTY_BODY = YES;
				CLANG_WARN_ENUM_CONVERSION = YES;
				CLANG_WARN_INFINITE_RECURSION = YES;
				CLANG_WARN_INT_CONVERSION = YES;
				CLANG_WARN_NON_LITERAL_NULL_CONVERSION = YES;
				CLANG_WARN_OBJC_IMPLICIT_RETAIN_SELF = YES;
				CLANG_WARN_OBJC_LITERAL_CONVERSION = YES;
				CLANG_WARN_OBJC_ROOT_CLASS = YES_ERROR;
				CLANG_WARN_QUOTED_INCLUDE_IN_FRAMEWORK_HEADER = YES;
				CLANG_WARN_RANGE_LOOP_ANALYSIS = YES;
				CLANG_WARN_STRICT_PROTOTYPES = YES;
				CLANG_WARN_SUSPICIOUS_MOVE = YES;
				CLANG_WARN_UNGUARDED_AVAILABILITY = YES_AGGRESSIVE;
				CLANG_WARN_UNREACHABLE_CODE = YES;
				CLANG_WARN__DUPLICATE_METHOD_MATCH = YES;
				COPY_PHASE_STRIP = NO;
				DEAD_CODE_STRIPPING = YES;
				DEBUG_INFORMATION_FORMAT = "dwarf-with-dsym";
				ENABLE_NS_ASSERTIONS = NO;
				ENABLE_STRICT_OBJC_MSGSEND = YES;
				ENABLE_USER_SCRIPT_SANDBOXING = YES;
				GCC_C_LANGUAGE_STANDARD = gnu17;
				GCC_NO_COMMON_BLOCKS = YES;
				GCC_WARN_64_TO_32_BIT_CONVERSION = YES;
				GCC_WARN_ABOUT_RETURN_TYPE = YES_ERROR;
				GCC_WARN_UNDECLARED_SELECTOR = YES;
				GCC_WARN_UNINITIALIZED_AUTOS = YES_AGGRESSIVE;
				GCC_WARN_UNUSED_FUNCTION = YES;
				GCC_WARN_UNUSED_VARIABLE = YES;
				LOCALIZATION_PREFERS_STRING_CATALOGS = YES;
				MTL_ENABLE_DEBUG_INFO = NO;
				MTL_FAST_MATH = YES;
				SWIFT_COMPILATION_MODE = wholemodule;
			};
			name = Release;
		};
		3E69AF872AF55876007244C1 /* Debug */ = {
			isa = XCBuildConfiguration;
			buildSettings = {
				ASSETCATALOG_COMPILER_ALTERNATE_APPICON_NAMES = "IconBlueM IconBlueM_White IconWhiteM IconPinkM IconMultiM IconFoilMultiM IconAIM IconCamera IconPhoenix";
				ASSETCATALOG_COMPILER_APPICON_NAME = AppIcon;
				ASSETCATALOG_COMPILER_GLOBAL_ACCENT_COLOR_NAME = AccentColor;
				ASSETCATALOG_COMPILER_INCLUDE_ALL_APPICON_ASSETS = YES;
				CODE_SIGN_ENTITLEMENTS = M/M.entitlements;
				CODE_SIGN_STYLE = Automatic;
				CURRENT_PROJECT_VERSION = 0.0.7;
				DEAD_CODE_STRIPPING = YES;
				DEVELOPMENT_ASSET_PATHS = "\"M/Preview Content\"";
				DEVELOPMENT_TEAM = V53QHKZTNF;
				ENABLE_HARDENED_RUNTIME = YES;
				ENABLE_PREVIEWS = YES;
				GENERATE_INFOPLIST_FILE = YES;
				INFOPLIST_KEY_NSPhotoLibraryUsageDescription = "Allow us to save the Mockup to your photo library";
				"INFOPLIST_KEY_UIApplicationSceneManifest_Generation[sdk=iphoneos*]" = YES;
				"INFOPLIST_KEY_UIApplicationSceneManifest_Generation[sdk=iphonesimulator*]" = YES;
				"INFOPLIST_KEY_UIApplicationSupportsIndirectInputEvents[sdk=iphoneos*]" = YES;
				"INFOPLIST_KEY_UIApplicationSupportsIndirectInputEvents[sdk=iphonesimulator*]" = YES;
				"INFOPLIST_KEY_UILaunchScreen_Generation[sdk=iphoneos*]" = YES;
				"INFOPLIST_KEY_UILaunchScreen_Generation[sdk=iphonesimulator*]" = YES;
				INFOPLIST_KEY_UILaunchStoryboardName = "Launch Screen.storyboard";
				"INFOPLIST_KEY_UIStatusBarStyle[sdk=iphoneos*]" = UIStatusBarStyleDefault;
				"INFOPLIST_KEY_UIStatusBarStyle[sdk=iphonesimulator*]" = UIStatusBarStyleDefault;
				INFOPLIST_KEY_UISupportedInterfaceOrientations = UIInterfaceOrientationPortrait;
				INFOPLIST_KEY_UISupportedInterfaceOrientations_iPad = "UIInterfaceOrientationLandscapeLeft UIInterfaceOrientationLandscapeRight UIInterfaceOrientationPortrait UIInterfaceOrientationPortraitUpsideDown";
				IPHONEOS_DEPLOYMENT_TARGET = 17.0;
				LD_RUNPATH_SEARCH_PATHS = "@executable_path/Frameworks";
				"LD_RUNPATH_SEARCH_PATHS[sdk=macosx*]" = "@executable_path/../Frameworks";
				MACOSX_DEPLOYMENT_TARGET = 14.0;
				MARKETING_VERSION = 2.0.18;
				PRODUCT_BUNDLE_IDENTIFIER = show.m.app;
				PRODUCT_NAME = "$(TARGET_NAME)";
				SDKROOT = auto;
				SUPPORTED_PLATFORMS = "iphoneos iphonesimulator";
				SUPPORTS_MACCATALYST = NO;
				SUPPORTS_MAC_DESIGNED_FOR_IPHONE_IPAD = NO;
				SWIFT_EMIT_LOC_STRINGS = YES;
				SWIFT_VERSION = 5.0;
				TARGETED_DEVICE_FAMILY = 1;
			};
			name = Debug;
		};
		3E69AF882AF55876007244C1 /* Release */ = {
			isa = XCBuildConfiguration;
			buildSettings = {
				ASSETCATALOG_COMPILER_ALTERNATE_APPICON_NAMES = "IconBlueM IconBlueM_White IconWhiteM IconPinkM IconMultiM IconFoilMultiM IconAIM IconCamera IconPhoenix";
				ASSETCATALOG_COMPILER_APPICON_NAME = AppIcon;
				ASSETCATALOG_COMPILER_GLOBAL_ACCENT_COLOR_NAME = AccentColor;
				ASSETCATALOG_COMPILER_INCLUDE_ALL_APPICON_ASSETS = YES;
				CODE_SIGN_ENTITLEMENTS = M/M.entitlements;
				CODE_SIGN_STYLE = Automatic;
				CURRENT_PROJECT_VERSION = 0.0.7;
				DEAD_CODE_STRIPPING = YES;
				DEVELOPMENT_ASSET_PATHS = "\"M/Preview Content\"";
				DEVELOPMENT_TEAM = V53QHKZTNF;
				ENABLE_HARDENED_RUNTIME = YES;
				ENABLE_PREVIEWS = YES;
				GENERATE_INFOPLIST_FILE = YES;
				INFOPLIST_KEY_NSPhotoLibraryUsageDescription = "Allow us to save the Mockup to your photo library";
				"INFOPLIST_KEY_UIApplicationSceneManifest_Generation[sdk=iphoneos*]" = YES;
				"INFOPLIST_KEY_UIApplicationSceneManifest_Generation[sdk=iphonesimulator*]" = YES;
				"INFOPLIST_KEY_UIApplicationSupportsIndirectInputEvents[sdk=iphoneos*]" = YES;
				"INFOPLIST_KEY_UIApplicationSupportsIndirectInputEvents[sdk=iphonesimulator*]" = YES;
				"INFOPLIST_KEY_UILaunchScreen_Generation[sdk=iphoneos*]" = YES;
				"INFOPLIST_KEY_UILaunchScreen_Generation[sdk=iphonesimulator*]" = YES;
				INFOPLIST_KEY_UILaunchStoryboardName = "Launch Screen.storyboard";
				"INFOPLIST_KEY_UIStatusBarStyle[sdk=iphoneos*]" = UIStatusBarStyleDefault;
				"INFOPLIST_KEY_UIStatusBarStyle[sdk=iphonesimulator*]" = UIStatusBarStyleDefault;
				INFOPLIST_KEY_UISupportedInterfaceOrientations = UIInterfaceOrientationPortrait;
				INFOPLIST_KEY_UISupportedInterfaceOrientations_iPad = "UIInterfaceOrientationLandscapeLeft UIInterfaceOrientationLandscapeRight UIInterfaceOrientationPortrait UIInterfaceOrientationPortraitUpsideDown";
				IPHONEOS_DEPLOYMENT_TARGET = 17.0;
				LD_RUNPATH_SEARCH_PATHS = "@executable_path/Frameworks";
				"LD_RUNPATH_SEARCH_PATHS[sdk=macosx*]" = "@executable_path/../Frameworks";
				MACOSX_DEPLOYMENT_TARGET = 14.0;
				MARKETING_VERSION = 2.0.18;
				PRODUCT_BUNDLE_IDENTIFIER = show.m.app;
				PRODUCT_NAME = "$(TARGET_NAME)";
				SDKROOT = auto;
				SUPPORTED_PLATFORMS = "iphoneos iphonesimulator";
				SUPPORTS_MACCATALYST = NO;
				SUPPORTS_MAC_DESIGNED_FOR_IPHONE_IPAD = NO;
				SWIFT_EMIT_LOC_STRINGS = YES;
				SWIFT_VERSION = 5.0;
				TARGETED_DEVICE_FAMILY = 1;
			};
			name = Release;
		};
/* End XCBuildConfiguration section */

/* Begin XCConfigurationList section */
		3E69AF722AF55875007244C1 /* Build configuration list for PBXProject "M" */ = {
			isa = XCConfigurationList;
			buildConfigurations = (
				3E69AF842AF55876007244C1 /* Debug */,
				3E69AF852AF55876007244C1 /* Release */,
			);
			defaultConfigurationIsVisible = 0;
			defaultConfigurationName = Release;
		};
		3E69AF862AF55876007244C1 /* Build configuration list for PBXNativeTarget "M" */ = {
			isa = XCConfigurationList;
			buildConfigurations = (
				3E69AF872AF55876007244C1 /* Debug */,
				3E69AF882AF55876007244C1 /* Release */,
			);
			defaultConfigurationIsVisible = 0;
			defaultConfigurationName = Release;
		};
/* End XCConfigurationList section */

/* Begin XCRemoteSwiftPackageReference section */
		3E40F5B52B583F3700D1B581 /* XCRemoteSwiftPackageReference "SwiftUIX" */ = {
			isa = XCRemoteSwiftPackageReference;
			repositoryURL = "https://github.com/SwiftUIX/SwiftUIX.git";
			requirement = {
				kind = upToNextMajorVersion;
				minimumVersion = 0.1.9;
			};
		};
		3E9EE8882B03C9BF001E6E50 /* XCRemoteSwiftPackageReference "SwiftUIKit" */ = {
			isa = XCRemoteSwiftPackageReference;
			repositoryURL = "https://github.com/danielsaidi/SwiftUIKit.git";
			requirement = {
				kind = upToNextMajorVersion;
				minimumVersion = 3.9.0;
			};
		};
		3EE33A552B0CF9190012BE14 /* XCRemoteSwiftPackageReference "SDWebImageSwiftUI" */ = {
			isa = XCRemoteSwiftPackageReference;
			repositoryURL = "https://github.com/SDWebImage/SDWebImageSwiftUI.git";
			requirement = {
				kind = upToNextMajorVersion;
				minimumVersion = 2.2.4;
			};
		};
		3EFE44062B9A06FD00646319 /* XCRemoteSwiftPackageReference "SwiftUI-Introspect" */ = {
			isa = XCRemoteSwiftPackageReference;
			repositoryURL = "https://github.com/siteline/SwiftUI-Introspect.git";
			requirement = {
				kind = upToNextMajorVersion;
				minimumVersion = 1.1.3;
			};
		};
		3EFE440D2B9A072200646319 /* XCRemoteSwiftPackageReference "IsScrolling" */ = {
			isa = XCRemoteSwiftPackageReference;
			repositoryURL = "https://github.com/fatbobman/IsScrolling.git";
			requirement = {
				kind = upToNextMajorVersion;
				minimumVersion = 1.1.2;
			};
		};
/* End XCRemoteSwiftPackageReference section */

/* Begin XCSwiftPackageProductDependency section */
		3E40F5B62B583F3700D1B581 /* SwiftUIX */ = {
			isa = XCSwiftPackageProductDependency;
			package = 3E40F5B52B583F3700D1B581 /* XCRemoteSwiftPackageReference "SwiftUIX" */;
			productName = SwiftUIX;
		};
		3E9EE8892B03C9BF001E6E50 /* SwiftUIKit */ = {
			isa = XCSwiftPackageProductDependency;
			package = 3E9EE8882B03C9BF001E6E50 /* XCRemoteSwiftPackageReference "SwiftUIKit" */;
			productName = SwiftUIKit;
		};
		3EE33A562B0CF9190012BE14 /* SDWebImageSwiftUI */ = {
			isa = XCSwiftPackageProductDependency;
			package = 3EE33A552B0CF9190012BE14 /* XCRemoteSwiftPackageReference "SDWebImageSwiftUI" */;
			productName = SDWebImageSwiftUI;
		};
		3EFE44072B9A06FD00646319 /* SwiftUIIntrospect */ = {
			isa = XCSwiftPackageProductDependency;
			package = 3EFE44062B9A06FD00646319 /* XCRemoteSwiftPackageReference "SwiftUI-Introspect" */;
			productName = SwiftUIIntrospect;
		};
		3EFE440B2B9A06FD00646319 /* SwiftUIIntrospect-Static */ = {
			isa = XCSwiftPackageProductDependency;
			package = 3EFE44062B9A06FD00646319 /* XCRemoteSwiftPackageReference "SwiftUI-Introspect" */;
			productName = "SwiftUIIntrospect-Static";
		};
		3EFE440E2B9A072200646319 /* IsScrolling */ = {
			isa = XCSwiftPackageProductDependency;
			package = 3EFE440D2B9A072200646319 /* XCRemoteSwiftPackageReference "IsScrolling" */;
			productName = IsScrolling;
		};
/* End XCSwiftPackageProductDependency section */
	};
	rootObject = 3E69AF6F2AF55875007244C1 /* Project object */;
}
